
Microsoft Visual Studio Solution File, Format Version 12.00
Project("{FAE04EC0-301F-11D3-BF4B-00C04F79EFBC}") = "ArrayList", "ArrayList.csproj", "{DC5EA33C-8554-4F2F-BD4E-593501DA1F93}"
EndProject
Global
	GlobalSection(SolutionConfigurationPlatforms) = preSolution
		Debug|Any CPU = Debug|Any CPU
		Release|Any CPU = Release|Any CPU
	EndGlobalSection
	GlobalSection(ProjectConfigurationPlatforms) = postSolution
		{DC5EA33C-8554-4F2F-BD4E-593501DA1F93}.Debug|Any CPU.ActiveCfg = Debug|Any CPU
		{DC5EA33C-8554-4F2F-BD4E-593501DA1F93}.Debug|Any CPU.Build.0 = Debug|Any CPU
		{DC5EA33C-8554-4F2F-BD4E-593501DA1F93}.Release|Any CPU.ActiveCfg = Release|Any CPU
		{DC5EA33C-8554-4F2F-BD4E-593501DA1F93}.Release|Any CPU.Build.0 = Release|Any CPU
	EndGlobalSection
EndGlobal
