
Microsoft Visual Studio Solution File, Format Version 12.00
Project("{FAE04EC0-301F-11D3-BF4B-00C04F79EFBC}") = "AccessModifiersConstructor", "AccessModifiersConstructor\AccessModifiersConstructor.csproj", "{AFFD216A-E6AD-433E-A1E2-F518C81CF906}"
EndProject
Global
	GlobalSection(SolutionConfigurationPlatforms) = preSolution
		Debug|Any CPU = Debug|Any CPU
		Release|Any CPU = Release|Any CPU
	EndGlobalSection
	GlobalSection(ProjectConfigurationPlatforms) = postSolution
		{AFFD216A-E6AD-433E-A1E2-F518C81CF906}.Debug|Any CPU.ActiveCfg = Debug|Any CPU
		{AFFD216A-E6AD-433E-A1E2-F518C81CF906}.Debug|Any CPU.Build.0 = Debug|Any CPU
		{AFFD216A-E6AD-433E-A1E2-F518C81CF906}.Release|Any CPU.ActiveCfg = Release|Any CPU
		{AFFD216A-E6AD-433E-A1E2-F518C81CF906}.Release|Any CPU.Build.0 = Release|Any CPU
	EndGlobalSection
EndGlobal
